
Microsoft Visual Studio Solution File, Format Version 12.00
# Visual Studio Version 17
VisualStudioVersion = 17.4.33205.214
MinimumVisualStudioVersion = 10.0.40219.1
Project("{FAE04EC0-301F-11D3-BF4B-00C04F79EFBC}") = "BinarySearch", "BinarySearch\BinarySearch.csproj", "{A248F09B-B80E-4A42-A143-C4CA3011FA01}"
EndProject
Project("{FAE04EC0-301F-11D3-BF4B-00C04F79EFBC}") = "Generator", "Generator\Generator.csproj", "{9B5620DB-E8A3-4194-86F0-47463CEFBB92}"
EndProject
Project("{FAE04EC0-301F-11D3-BF4B-00C04F79EFBC}") = "DefaultSorting", "DefaultSorting\DefaultSorting.csproj", "{C0987B93-C515-4BEF-A021-1889CF1747A4}"
EndProject
Project("{FAE04EC0-301F-11D3-BF4B-00C04F79EFBC}") = "Recursion", "Recursion\Recursion.csproj", "{582C585D-1CB4-4DEE-B0A1-4603EACCE15D}"
EndProject
Global
	GlobalSection(SolutionConfigurationPlatforms) = preSolution
		Debug|Any CPU = Debug|Any CPU
		Release|Any CPU = Release|Any CPU
	EndGlobalSection
	GlobalSection(ProjectConfigurationPlatforms) = postSolution
		{A248F09B-B80E-4A42-A143-C4CA3011FA01}.Debug|Any CPU.ActiveCfg = Debug|Any CPU
		{A248F09B-B80E-4A42-A143-C4CA3011FA01}.Debug|Any CPU.Build.0 = Debug|Any CPU
		{A248F09B-B80E-4A42-A143-C4CA3011FA01}.Release|Any CPU.ActiveCfg = Release|Any CPU
		{A248F09B-B80E-4A42-A143-C4CA3011FA01}.Release|Any CPU.Build.0 = Release|Any CPU
		{9B5620DB-E8A3-4194-86F0-47463CEFBB92}.Debug|Any CPU.ActiveCfg = Debug|Any CPU
		{9B5620DB-E8A3-4194-86F0-47463CEFBB92}.Debug|Any CPU.Build.0 = Debug|Any CPU
		{9B5620DB-E8A3-4194-86F0-47463CEFBB92}.Release|Any CPU.ActiveCfg = Release|Any CPU
		{9B5620DB-E8A3-4194-86F0-47463CEFBB92}.Release|Any CPU.Build.0 = Release|Any CPU
		{C0987B93-C515-4BEF-A021-1889CF1747A4}.Debug|Any CPU.ActiveCfg = Debug|Any CPU
		{C0987B93-C515-4BEF-A021-1889CF1747A4}.Debug|Any CPU.Build.0 = Debug|Any CPU
		{C0987B93-C515-4BEF-A021-1889CF1747A4}.Release|Any CPU.ActiveCfg = Release|Any CPU
		{C0987B93-C515-4BEF-A021-1889CF1747A4}.Release|Any CPU.Build.0 = Release|Any CPU
		{582C585D-1CB4-4DEE-B0A1-4603EACCE15D}.Debug|Any CPU.ActiveCfg = Debug|Any CPU
		{582C585D-1CB4-4DEE-B0A1-4603EACCE15D}.Debug|Any CPU.Build.0 = Debug|Any CPU
		{582C585D-1CB4-4DEE-B0A1-4603EACCE15D}.Release|Any CPU.ActiveCfg = Release|Any CPU
		{582C585D-1CB4-4DEE-B0A1-4603EACCE15D}.Release|Any CPU.Build.0 = Release|Any CPU
	EndGlobalSection
	GlobalSection(SolutionProperties) = preSolution
		HideSolutionNode = FALSE
	EndGlobalSection
	GlobalSection(ExtensibilityGlobals) = postSolution
		SolutionGuid = {CDB09778-0C14-4277-BF4A-3BE6D00AB31B}
	EndGlobalSection
EndGlobal
